// !$*UTF8*$!
{
	archiveVersion = 1;
	classes = {
	};
	objectVersion = 46;
	objects = {

/* Begin PBXBuildFile section */
		DB5E1C511D7A42C0006D5566 /* main.c in Sources */ = {isa = PBXBuildFile; fileRef = DB5E1C501D7A42C0006D5566 /* main.c */; };
		DB5E1C5C1D7A42DD006D5566 /* mylib.c in Sources */ = {isa = PBXBuildFile; fileRef = DB5E1C5A1D7A42DD006D5566 /* mylib.c */; };
		DB5E1C5F1D7A4317006D5566 /* rbt.c in Sources */ = {isa = PBXBuildFile; fileRef = DB5E1C5D1D7A4317006D5566 /* rbt.c */; };
/* End PBXBuildFile section */

/* Begin PBXCopyFilesBuildPhase section */
		DB5E1C4B1D7A42C0006D5566 /* CopyFiles */ = {
			isa = PBXCopyFilesBuildPhase;
			buildActionMask = 2147483647;
			dstPath = /usr/share/man/man1/;
			dstSubfolderSpec = 0;
			files = (
			);
			runOnlyForDeploymentPostprocessing = 1;
		};
/* End PBXCopyFilesBuildPhase section */

/* Begin PBXFileReference section */
		DB5E1C4D1D7A42C0006D5566 /* lab16_RBT */ = {isa = PBXFileReference; explicitFileType = "compiled.mach-o.executable"; includeInIndex = 0; path = lab16_RBT; sourceTree = BUILT_PRODUCTS_DIR; };
		DB5E1C501D7A42C0006D5566 /* main.c */ = {isa = PBXFileReference; lastKnownFileType = sourcecode.c.c; path = main.c; sourceTree = "<group>"; };
		DB5E1C581D7A42DD006D5566 /* mylib.h */ = {isa = PBXFileReference; fileEncoding = 4; lastKnownFileType = sourcecode.c.h; path = mylib.h; sourceTree = "<group>"; };
		DB5E1C5A1D7A42DD006D5566 /* mylib.c */ = {isa = PBXFileReference; fileEncoding = 4; lastKnownFileType = sourcecode.c.c; path = mylib.c; sourceTree = "<group>"; };
		DB5E1C5D1D7A4317006D5566 /* rbt.c */ = {isa = PBXFileReference; fileEncoding = 4; lastKnownFileType = sourcecode.c.c; path = rbt.c; sourceTree = "<group>"; };
		DB5E1C5E1D7A4317006D5566 /* rbt.h */ = {isa = PBXFileReference; fileEncoding = 4; lastKnownFileType = sourcecode.c.h; path = rbt.h; sourceTree = "<group>"; };
/* End PBXFileReference section */

/* Begin PBXFrameworksBuildPhase section */
		DB5E1C4A1D7A42C0006D5566 /* Frameworks */ = {
			isa = PBXFrameworksBuildPhase;
			buildActionMask = 2147483647;
			files = (
			);
			runOnlyForDeploymentPostprocessing = 0;
		};
/* End PBXFrameworksBuildPhase section */

/* Begin PBXGroup section */
		DB5E1C441D7A42C0006D5566 = {
			isa = PBXGroup;
			children = (
				DB5E1C4F1D7A42C0006D5566 /* lab16_RBT */,
				DB5E1C4E1D7A42C0006D5566 /* Products */,
			);
			sourceTree = "<group>";
		};
		DB5E1C4E1D7A42C0006D5566 /* Products */ = {
			isa = PBXGroup;
			children = (
				DB5E1C4D1D7A42C0006D5566 /* lab16_RBT */,
			);
			name = Products;
			sourceTree = "<group>";
		};
		DB5E1C4F1D7A42C0006D5566 /* lab16_RBT */ = {
			isa = PBXGroup;
			children = (
				DB5E1C581D7A42DD006D5566 /* mylib.h */,
				DB5E1C5A1D7A42DD006D5566 /* mylib.c */,
				DB5E1C501D7A42C0006D5566 /* main.c */,
				DB5E1C5D1D7A4317006D5566 /* rbt.c */,
				DB5E1C5E1D7A4317006D5566 /* rbt.h */,
			);
			path = lab16_RBT;
			sourceTree = "<group>";
		};
/* End PBXGroup section */

/* Begin PBXNativeTarget section */
		DB5E1C4C1D7A42C0006D5566 /* lab16_RBT */ = {
			isa = PBXNativeTarget;
			buildConfigurationList = DB5E1C541D7A42C0006D5566 /* Build configuration list for PBXNativeTarget "lab16_RBT" */;
			buildPhases = (
				DB5E1C491D7A42C0006D5566 /* Sources */,
				DB5E1C4A1D7A42C0006D5566 /* Frameworks */,
				DB5E1C4B1D7A42C0006D5566 /* CopyFiles */,
			);
			buildRules = (
			);
			dependencies = (
			);
			name = lab16_RBT;
			productName = lab16_RBT;
			productReference = DB5E1C4D1D7A42C0006D5566 /* lab16_RBT */;
			productType = "com.apple.product-type.tool";
		};
/* End PBXNativeTarget section */

/* Begin PBXProject section */
		DB5E1C451D7A42C0006D5566 /* Project object */ = {
			isa = PBXProject;
			attributes = {
				LastUpgradeCheck = 0730;
				ORGANIZATIONNAME = Otago;
				TargetAttributes = {
					DB5E1C4C1D7A42C0006D5566 = {
						CreatedOnToolsVersion = 7.3.1;
					};
				};
			};
			buildConfigurationList = DB5E1C481D7A42C0006D5566 /* Build configuration list for PBXProject "lab16_RBT" */;
			compatibilityVersion = "Xcode 3.2";
			developmentRegion = English;
			hasScannedForEncodings = 0;
			knownRegions = (
				en,
			);
			mainGroup = DB5E1C441D7A42C0006D5566;
			productRefGroup = DB5E1C4E1D7A42C0006D5566 /* Products */;
			projectDirPath = "";
			projectRoot = "";
			targets = (
				DB5E1C4C1D7A42C0006D5566 /* lab16_RBT */,
			);
		};
/* End PBXProject section */

/* Begin PBXSourcesBuildPhase section */
		DB5E1C491D7A42C0006D5566 /* Sources */ = {
			isa = PBXSourcesBuildPhase;
			buildActionMask = 2147483647;
			files = (
				DB5E1C5F1D7A4317006D5566 /* rbt.c in Sources */,
				DB5E1C5C1D7A42DD006D5566 /* mylib.c in Sources */,
				DB5E1C511D7A42C0006D5566 /* main.c in Sources */,
			);
			runOnlyForDeploymentPostprocessing = 0;
		};
/* End PBXSourcesBuildPhase section */

/* Begin XCBuildConfiguration section */
		DB5E1C521D7A42C0006D5566 /* Debug */ = {
			isa = XCBuildConfiguration;
			buildSettings = {
				ALWAYS_SEARCH_USER_PATHS = NO;
				CLANG_ANALYZER_NONNULL = YES;
				CLANG_CXX_LANGUAGE_STANDARD = "gnu++0x";
				CLANG_CXX_LIBRARY = "libc++";
				CLANG_ENABLE_MODULES = YES;
				CLANG_ENABLE_OBJC_ARC = YES;
				CLANG_WARN_BOOL_CONVERSION = YES;
				CLANG_WARN_CONSTANT_CONVERSION = YES;
				CLANG_WARN_DIRECT_OBJC_ISA_USAGE = YES_ERROR;
				CLANG_WARN_EMPTY_BODY = YES;
				CLANG_WARN_ENUM_CONVERSION = YES;
				CLANG_WARN_INT_CONVERSION = YES;
				CLANG_WARN_OBJC_ROOT_CLASS = YES_ERROR;
				CLANG_WARN_UNREACHABLE_CODE = YES;
				CLANG_WARN__DUPLICATE_METHOD_MATCH = YES;
				CODE_SIGN_IDENTITY = "-";
				COPY_PHASE_STRIP = NO;
				DEBUG_INFORMATION_FORMAT = dwarf;
				ENABLE_STRICT_OBJC_MSGSEND = YES;
				ENABLE_TESTABILITY = YES;
				GCC_C_LANGUAGE_STANDARD = gnu99;
				GCC_DYNAMIC_NO_PIC = NO;
				GCC_NO_COMMON_BLOCKS = YES;
				GCC_OPTIMIZATION_LEVEL = 0;
				GCC_PREPROCESSOR_DEFINITIONS = (
					"DEBUG=1",
					"$(inherited)",
				);
				GCC_WARN_64_TO_32_BIT_CONVERSION = YES;
				GCC_WARN_ABOUT_RETURN_TYPE = YES_ERROR;
				GCC_WARN_UNDECLARED_SELECTOR = YES;
				GCC_WARN_UNINITIALIZED_AUTOS = YES_AGGRESSIVE;
				GCC_WARN_UNUSED_FUNCTION = YES;
				GCC_WARN_UNUSED_VARIABLE = YES;
				MACOSX_DEPLOYMENT_TARGET = 10.11;
				MTL_ENABLE_DEBUG_INFO = YES;
				ONLY_ACTIVE_ARCH = YES;
				SDKROOT = macosx;
			};
			name = Debug;
		};
		DB5E1C531D7A42C0006D5566 /* Release */ = {
			isa = XCBuildConfiguration;
			buildSettings = {
				ALWAYS_SEARCH_USER_PATHS = NO;
				CLANG_ANALYZER_NONNULL = YES;
				CLANG_CXX_LANGUAGE_STANDARD = "gnu++0x";
				CLANG_CXX_LIBRARY = "libc++";
				CLANG_ENABLE_MODULES = YES;
				CLANG_ENABLE_OBJC_ARC = YES;
				CLANG_WARN_BOOL_CONVERSION = YES;
				CLANG_WARN_CONSTANT_CONVERSION = YES;
				CLANG_WARN_DIRECT_OBJC_ISA_USAGE = YES_ERROR;
				CLANG_WARN_EMPTY_BODY = YES;
				CLANG_WARN_ENUM_CONVERSION = YES;
				CLANG_WARN_INT_CONVERSION = YES;
				CLANG_WARN_OBJC_ROOT_CLASS = YES_ERROR;
				CLANG_WARN_UNREACHABLE_CODE = YES;
				CLANG_WARN__DUPLICATE_METHOD_MATCH = YES;
				CODE_SIGN_IDENTITY = "-";
				COPY_PHASE_STRIP = NO;
				DEBUG_INFORMATION_FORMAT = "dwarf-with-dsym";
				ENABLE_NS_ASSERTIONS = NO;
				ENABLE_STRICT_OBJC_MSGSEND = YES;
				GCC_C_LANGUAGE_STANDARD = gnu99;
				GCC_NO_COMMON_BLOCKS = YES;
				GCC_WARN_64_TO_32_BIT_CONVERSION = YES;
				GCC_WARN_ABOUT_RETURN_TYPE = YES_ERROR;
				GCC_WARN_UNDECLARED_SELECTOR = YES;
				GCC_WARN_UNINITIALIZED_AUTOS = YES_AGGRESSIVE;
				GCC_WARN_UNUSED_FUNCTION = YES;
				GCC_WARN_UNUSED_VARIABLE = YES;
				MACOSX_DEPLOYMENT_TARGET = 10.11;
				MTL_ENABLE_DEBUG_INFO = NO;
				SDKROOT = macosx;
			};
			name = Release;
		};
		DB5E1C551D7A42C0006D5566 /* Debug */ = {
			isa = XCBuildConfiguration;
			buildSettings = {
				PRODUCT_NAME = "$(TARGET_NAME)";
			};
			name = Debug;
		};
		DB5E1C561D7A42C0006D5566 /* Release */ = {
			isa = XCBuildConfiguration;
			buildSettings = {
				PRODUCT_NAME = "$(TARGET_NAME)";
			};
			name = Release;
		};
/* End XCBuildConfiguration section */

/* Begin XCConfigurationList section */
		DB5E1C481D7A42C0006D5566 /* Build configuration list for PBXProject "lab16_RBT" */ = {
			isa = XCConfigurationList;
			buildConfigurations = (
				DB5E1C521D7A42C0006D5566 /* Debug */,
				DB5E1C531D7A42C0006D5566 /* Release */,
			);
			defaultConfigurationIsVisible = 0;
			defaultConfigurationName = Release;
		};
		DB5E1C541D7A42C0006D5566 /* Build configuration list for PBXNativeTarget "lab16_RBT" */ = {
			isa = XCConfigurationList;
			buildConfigurations = (
				DB5E1C551D7A42C0006D5566 /* Debug */,
				DB5E1C561D7A42C0006D5566 /* Release */,
			);
			defaultConfigurationIsVisible = 0;
		};
/* End XCConfigurationList section */
	};
	rootObject = DB5E1C451D7A42C0006D5566 /* Project object */;
}
