// !$*UTF8*$!
{
	archiveVersion = 1;
	classes = {
	};
	objectVersion = 46;
	objects = {

/* Begin PBXBuildFile section */
		DB1D01EA1D7EC512003B49B4 /* mylib.c in Sources */ = {isa = PBXBuildFile; fileRef = DB1D01E81D7EC512003B49B4 /* mylib.c */; };
		DB1D01ED1D7EC65C003B49B4 /* main.c in Sources */ = {isa = PBXBuildFile; fileRef = DB1D01EC1D7EC65C003B49B4 /* main.c */; };
		DBDC90921D800EDF002A7F56 /* tree.c in Sources */ = {isa = PBXBuildFile; fileRef = DBDC90901D800EDF002A7F56 /* tree.c */; };
/* End PBXBuildFile section */

/* Begin PBXCopyFilesBuildPhase section */
		DB1D01DA1D7EC4FE003B49B4 /* CopyFiles */ = {
			isa = PBXCopyFilesBuildPhase;
			buildActionMask = 2147483647;
			dstPath = /usr/share/man/man1/;
			dstSubfolderSpec = 0;
			files = (
			);
			runOnlyForDeploymentPostprocessing = 1;
		};
/* End PBXCopyFilesBuildPhase section */

/* Begin PBXFileReference section */
		DB1D01DC1D7EC4FE003B49B4 /* assignment1_part2 */ = {isa = PBXFileReference; explicitFileType = "compiled.mach-o.executable"; includeInIndex = 0; path = assignment1_part2; sourceTree = BUILT_PRODUCTS_DIR; };
		DB1D01E61D7EC512003B49B4 /* mylib.h */ = {isa = PBXFileReference; fileEncoding = 4; lastKnownFileType = sourcecode.c.h; path = mylib.h; sourceTree = "<group>"; };
		DB1D01E81D7EC512003B49B4 /* mylib.c */ = {isa = PBXFileReference; fileEncoding = 4; lastKnownFileType = sourcecode.c.c; path = mylib.c; sourceTree = "<group>"; };
		DB1D01EC1D7EC65C003B49B4 /* main.c */ = {isa = PBXFileReference; fileEncoding = 4; lastKnownFileType = sourcecode.c.c; path = main.c; sourceTree = "<group>"; };
		DBDC90901D800EDF002A7F56 /* tree.c */ = {isa = PBXFileReference; fileEncoding = 4; lastKnownFileType = sourcecode.c.c; path = tree.c; sourceTree = "<group>"; };
		DBDC90911D800EDF002A7F56 /* tree.h */ = {isa = PBXFileReference; fileEncoding = 4; lastKnownFileType = sourcecode.c.h; path = tree.h; sourceTree = "<group>"; };
/* End PBXFileReference section */

/* Begin PBXFrameworksBuildPhase section */
		DB1D01D91D7EC4FE003B49B4 /* Frameworks */ = {
			isa = PBXFrameworksBuildPhase;
			buildActionMask = 2147483647;
			files = (
			);
			runOnlyForDeploymentPostprocessing = 0;
		};
/* End PBXFrameworksBuildPhase section */

/* Begin PBXGroup section */
		DB1D01D31D7EC4FE003B49B4 = {
			isa = PBXGroup;
			children = (
				DB1D01DE1D7EC4FE003B49B4 /* assignment1_part2 */,
				DB1D01DD1D7EC4FE003B49B4 /* Products */,
			);
			sourceTree = "<group>";
		};
		DB1D01DD1D7EC4FE003B49B4 /* Products */ = {
			isa = PBXGroup;
			children = (
				DB1D01DC1D7EC4FE003B49B4 /* assignment1_part2 */,
			);
			name = Products;
			sourceTree = "<group>";
		};
		DB1D01DE1D7EC4FE003B49B4 /* assignment1_part2 */ = {
			isa = PBXGroup;
			children = (
				DB1D01EC1D7EC65C003B49B4 /* main.c */,
				DB1D01E61D7EC512003B49B4 /* mylib.h */,
				DB1D01E81D7EC512003B49B4 /* mylib.c */,
				DBDC90901D800EDF002A7F56 /* tree.c */,
				DBDC90911D800EDF002A7F56 /* tree.h */,
			);
			path = assignment1_part2;
			sourceTree = "<group>";
		};
/* End PBXGroup section */

/* Begin PBXNativeTarget section */
		DB1D01DB1D7EC4FE003B49B4 /* assignment1_part2 */ = {
			isa = PBXNativeTarget;
			buildConfigurationList = DB1D01E31D7EC4FE003B49B4 /* Build configuration list for PBXNativeTarget "assignment1_part2" */;
			buildPhases = (
				DB1D01D81D7EC4FE003B49B4 /* Sources */,
				DB1D01D91D7EC4FE003B49B4 /* Frameworks */,
				DB1D01DA1D7EC4FE003B49B4 /* CopyFiles */,
			);
			buildRules = (
			);
			dependencies = (
			);
			name = assignment1_part2;
			productName = assignment1_part2;
			productReference = DB1D01DC1D7EC4FE003B49B4 /* assignment1_part2 */;
			productType = "com.apple.product-type.tool";
		};
/* End PBXNativeTarget section */

/* Begin PBXProject section */
		DB1D01D41D7EC4FE003B49B4 /* Project object */ = {
			isa = PBXProject;
			attributes = {
				LastUpgradeCheck = 0730;
				ORGANIZATIONNAME = Otago;
				TargetAttributes = {
					DB1D01DB1D7EC4FE003B49B4 = {
						CreatedOnToolsVersion = 7.3.1;
					};
				};
			};
			buildConfigurationList = DB1D01D71D7EC4FE003B49B4 /* Build configuration list for PBXProject "assignment1_part2" */;
			compatibilityVersion = "Xcode 3.2";
			developmentRegion = English;
			hasScannedForEncodings = 0;
			knownRegions = (
				en,
			);
			mainGroup = DB1D01D31D7EC4FE003B49B4;
			productRefGroup = DB1D01DD1D7EC4FE003B49B4 /* Products */;
			projectDirPath = "";
			projectRoot = "";
			targets = (
				DB1D01DB1D7EC4FE003B49B4 /* assignment1_part2 */,
			);
		};
/* End PBXProject section */

/* Begin PBXSourcesBuildPhase section */
		DB1D01D81D7EC4FE003B49B4 /* Sources */ = {
			isa = PBXSourcesBuildPhase;
			buildActionMask = 2147483647;
			files = (
				DB1D01EA1D7EC512003B49B4 /* mylib.c in Sources */,
				DB1D01ED1D7EC65C003B49B4 /* main.c in Sources */,
				DBDC90921D800EDF002A7F56 /* tree.c in Sources */,
			);
			runOnlyForDeploymentPostprocessing = 0;
		};
/* End PBXSourcesBuildPhase section */

/* Begin XCBuildConfiguration section */
		DB1D01E11D7EC4FE003B49B4 /* Debug */ = {
			isa = XCBuildConfiguration;
			buildSettings = {
				ALWAYS_SEARCH_USER_PATHS = NO;
				CLANG_ANALYZER_NONNULL = YES;
				CLANG_CXX_LANGUAGE_STANDARD = "gnu++0x";
				CLANG_CXX_LIBRARY = "libc++";
				CLANG_ENABLE_MODULES = YES;
				CLANG_ENABLE_OBJC_ARC = YES;
				CLANG_WARN_BOOL_CONVERSION = YES;
				CLANG_WARN_CONSTANT_CONVERSION = YES;
				CLANG_WARN_DIRECT_OBJC_ISA_USAGE = YES_ERROR;
				CLANG_WARN_EMPTY_BODY = YES;
				CLANG_WARN_ENUM_CONVERSION = YES;
				CLANG_WARN_INT_CONVERSION = YES;
				CLANG_WARN_OBJC_ROOT_CLASS = YES_ERROR;
				CLANG_WARN_UNREACHABLE_CODE = YES;
				CLANG_WARN__DUPLICATE_METHOD_MATCH = YES;
				CODE_SIGN_IDENTITY = "-";
				COPY_PHASE_STRIP = NO;
				DEBUG_INFORMATION_FORMAT = dwarf;
				ENABLE_STRICT_OBJC_MSGSEND = YES;
				ENABLE_TESTABILITY = YES;
				GCC_C_LANGUAGE_STANDARD = gnu99;
				GCC_DYNAMIC_NO_PIC = NO;
				GCC_NO_COMMON_BLOCKS = YES;
				GCC_OPTIMIZATION_LEVEL = 0;
				GCC_PREPROCESSOR_DEFINITIONS = (
					"DEBUG=1",
					"$(inherited)",
				);
				GCC_WARN_64_TO_32_BIT_CONVERSION = YES;
				GCC_WARN_ABOUT_RETURN_TYPE = YES_ERROR;
				GCC_WARN_UNDECLARED_SELECTOR = YES;
				GCC_WARN_UNINITIALIZED_AUTOS = YES_AGGRESSIVE;
				GCC_WARN_UNUSED_FUNCTION = YES;
				GCC_WARN_UNUSED_VARIABLE = YES;
				MACOSX_DEPLOYMENT_TARGET = 10.11;
				MTL_ENABLE_DEBUG_INFO = YES;
				ONLY_ACTIVE_ARCH = YES;
				SDKROOT = macosx;
			};
			name = Debug;
		};
		DB1D01E21D7EC4FE003B49B4 /* Release */ = {
			isa = XCBuildConfiguration;
			buildSettings = {
				ALWAYS_SEARCH_USER_PATHS = NO;
				CLANG_ANALYZER_NONNULL = YES;
				CLANG_CXX_LANGUAGE_STANDARD = "gnu++0x";
				CLANG_CXX_LIBRARY = "libc++";
				CLANG_ENABLE_MODULES = YES;
				CLANG_ENABLE_OBJC_ARC = YES;
				CLANG_WARN_BOOL_CONVERSION = YES;
				CLANG_WARN_CONSTANT_CONVERSION = YES;
				CLANG_WARN_DIRECT_OBJC_ISA_USAGE = YES_ERROR;
				CLANG_WARN_EMPTY_BODY = YES;
				CLANG_WARN_ENUM_CONVERSION = YES;
				CLANG_WARN_INT_CONVERSION = YES;
				CLANG_WARN_OBJC_ROOT_CLASS = YES_ERROR;
				CLANG_WARN_UNREACHABLE_CODE = YES;
				CLANG_WARN__DUPLICATE_METHOD_MATCH = YES;
				CODE_SIGN_IDENTITY = "-";
				COPY_PHASE_STRIP = NO;
				DEBUG_INFORMATION_FORMAT = "dwarf-with-dsym";
				ENABLE_NS_ASSERTIONS = NO;
				ENABLE_STRICT_OBJC_MSGSEND = YES;
				GCC_C_LANGUAGE_STANDARD = gnu99;
				GCC_NO_COMMON_BLOCKS = YES;
				GCC_WARN_64_TO_32_BIT_CONVERSION = YES;
				GCC_WARN_ABOUT_RETURN_TYPE = YES_ERROR;
				GCC_WARN_UNDECLARED_SELECTOR = YES;
				GCC_WARN_UNINITIALIZED_AUTOS = YES_AGGRESSIVE;
				GCC_WARN_UNUSED_FUNCTION = YES;
				GCC_WARN_UNUSED_VARIABLE = YES;
				MACOSX_DEPLOYMENT_TARGET = 10.11;
				MTL_ENABLE_DEBUG_INFO = NO;
				SDKROOT = macosx;
			};
			name = Release;
		};
		DB1D01E41D7EC4FE003B49B4 /* Debug */ = {
			isa = XCBuildConfiguration;
			buildSettings = {
				PRODUCT_NAME = "$(TARGET_NAME)";
			};
			name = Debug;
		};
		DB1D01E51D7EC4FE003B49B4 /* Release */ = {
			isa = XCBuildConfiguration;
			buildSettings = {
				PRODUCT_NAME = "$(TARGET_NAME)";
			};
			name = Release;
		};
/* End XCBuildConfiguration section */

/* Begin XCConfigurationList section */
		DB1D01D71D7EC4FE003B49B4 /* Build configuration list for PBXProject "assignment1_part2" */ = {
			isa = XCConfigurationList;
			buildConfigurations = (
				DB1D01E11D7EC4FE003B49B4 /* Debug */,
				DB1D01E21D7EC4FE003B49B4 /* Release */,
			);
			defaultConfigurationIsVisible = 0;
			defaultConfigurationName = Release;
		};
		DB1D01E31D7EC4FE003B49B4 /* Build configuration list for PBXNativeTarget "assignment1_part2" */ = {
			isa = XCConfigurationList;
			buildConfigurations = (
				DB1D01E41D7EC4FE003B49B4 /* Debug */,
				DB1D01E51D7EC4FE003B49B4 /* Release */,
			);
			defaultConfigurationIsVisible = 0;
			defaultConfigurationName = Release;
		};
/* End XCConfigurationList section */
	};
	rootObject = DB1D01D41D7EC4FE003B49B4 /* Project object */;
}
