// !$*UTF8*$!
{
	archiveVersion = 1;
	classes = {
	};
	objectVersion = 46;
	objects = {

/* Begin PBXBuildFile section */
		DB1F73BD1D6905F400D804E3 /* main.c in Sources */ = {isa = PBXBuildFile; fileRef = DB1F73BC1D6905F400D804E3 /* main.c */; };
		DB1F73C51D69069500D804E3 /* htable.c in Sources */ = {isa = PBXBuildFile; fileRef = DB1F73C31D69069500D804E3 /* htable.c */; };
		DB1F73CE1D690BA800D804E3 /* mylib.c in Sources */ = {isa = PBXBuildFile; fileRef = DB1F73CC1D690BA800D804E3 /* mylib.c */; };
/* End PBXBuildFile section */

/* Begin PBXCopyFilesBuildPhase section */
		DB1F73B71D6905F400D804E3 /* CopyFiles */ = {
			isa = PBXCopyFilesBuildPhase;
			buildActionMask = 2147483647;
			dstPath = /usr/share/man/man1/;
			dstSubfolderSpec = 0;
			files = (
			);
			runOnlyForDeploymentPostprocessing = 1;
		};
/* End PBXCopyFilesBuildPhase section */

/* Begin PBXFileReference section */
		DB1F73B91D6905F400D804E3 /* lab12_HashTable */ = {isa = PBXFileReference; explicitFileType = "compiled.mach-o.executable"; includeInIndex = 0; path = lab12_HashTable; sourceTree = BUILT_PRODUCTS_DIR; };
		DB1F73BC1D6905F400D804E3 /* main.c */ = {isa = PBXFileReference; lastKnownFileType = sourcecode.c.c; path = main.c; sourceTree = "<group>"; };
		DB1F73C31D69069500D804E3 /* htable.c */ = {isa = PBXFileReference; fileEncoding = 4; lastKnownFileType = sourcecode.c.c; path = htable.c; sourceTree = "<group>"; };
		DB1F73C41D69069500D804E3 /* htable.h */ = {isa = PBXFileReference; fileEncoding = 4; lastKnownFileType = sourcecode.c.h; path = htable.h; sourceTree = "<group>"; };
		DB1F73CC1D690BA800D804E3 /* mylib.c */ = {isa = PBXFileReference; fileEncoding = 4; lastKnownFileType = sourcecode.c.c; path = mylib.c; sourceTree = "<group>"; };
		DB1F73CD1D690BA800D804E3 /* mylib.h */ = {isa = PBXFileReference; fileEncoding = 4; lastKnownFileType = sourcecode.c.h; path = mylib.h; sourceTree = "<group>"; };
/* End PBXFileReference section */

/* Begin PBXFrameworksBuildPhase section */
		DB1F73B61D6905F400D804E3 /* Frameworks */ = {
			isa = PBXFrameworksBuildPhase;
			buildActionMask = 2147483647;
			files = (
			);
			runOnlyForDeploymentPostprocessing = 0;
		};
/* End PBXFrameworksBuildPhase section */

/* Begin PBXGroup section */
		DB1F73B01D6905F400D804E3 = {
			isa = PBXGroup;
			children = (
				DB1F73BB1D6905F400D804E3 /* lab12_HashTable */,
				DB1F73BA1D6905F400D804E3 /* Products */,
			);
			sourceTree = "<group>";
		};
		DB1F73BA1D6905F400D804E3 /* Products */ = {
			isa = PBXGroup;
			children = (
				DB1F73B91D6905F400D804E3 /* lab12_HashTable */,
			);
			name = Products;
			sourceTree = "<group>";
		};
		DB1F73BB1D6905F400D804E3 /* lab12_HashTable */ = {
			isa = PBXGroup;
			children = (
				DB1F73CC1D690BA800D804E3 /* mylib.c */,
				DB1F73CD1D690BA800D804E3 /* mylib.h */,
				DB1F73BC1D6905F400D804E3 /* main.c */,
				DB1F73C31D69069500D804E3 /* htable.c */,
				DB1F73C41D69069500D804E3 /* htable.h */,
			);
			path = lab12_HashTable;
			sourceTree = "<group>";
		};
/* End PBXGroup section */

/* Begin PBXNativeTarget section */
		DB1F73B81D6905F400D804E3 /* lab12_HashTable */ = {
			isa = PBXNativeTarget;
			buildConfigurationList = DB1F73C01D6905F400D804E3 /* Build configuration list for PBXNativeTarget "lab12_HashTable" */;
			buildPhases = (
				DB1F73B51D6905F400D804E3 /* Sources */,
				DB1F73B61D6905F400D804E3 /* Frameworks */,
				DB1F73B71D6905F400D804E3 /* CopyFiles */,
			);
			buildRules = (
			);
			dependencies = (
			);
			name = lab12_HashTable;
			productName = lab12_HashTable;
			productReference = DB1F73B91D6905F400D804E3 /* lab12_HashTable */;
			productType = "com.apple.product-type.tool";
		};
/* End PBXNativeTarget section */

/* Begin PBXProject section */
		DB1F73B11D6905F400D804E3 /* Project object */ = {
			isa = PBXProject;
			attributes = {
				LastUpgradeCheck = 0730;
				ORGANIZATIONNAME = Otago;
				TargetAttributes = {
					DB1F73B81D6905F400D804E3 = {
						CreatedOnToolsVersion = 7.3.1;
					};
				};
			};
			buildConfigurationList = DB1F73B41D6905F400D804E3 /* Build configuration list for PBXProject "lab12_HashTable" */;
			compatibilityVersion = "Xcode 3.2";
			developmentRegion = English;
			hasScannedForEncodings = 0;
			knownRegions = (
				en,
			);
			mainGroup = DB1F73B01D6905F400D804E3;
			productRefGroup = DB1F73BA1D6905F400D804E3 /* Products */;
			projectDirPath = "";
			projectRoot = "";
			targets = (
				DB1F73B81D6905F400D804E3 /* lab12_HashTable */,
			);
		};
/* End PBXProject section */

/* Begin PBXSourcesBuildPhase section */
		DB1F73B51D6905F400D804E3 /* Sources */ = {
			isa = PBXSourcesBuildPhase;
			buildActionMask = 2147483647;
			files = (
				DB1F73CE1D690BA800D804E3 /* mylib.c in Sources */,
				DB1F73BD1D6905F400D804E3 /* main.c in Sources */,
				DB1F73C51D69069500D804E3 /* htable.c in Sources */,
			);
			runOnlyForDeploymentPostprocessing = 0;
		};
/* End PBXSourcesBuildPhase section */

/* Begin XCBuildConfiguration section */
		DB1F73BE1D6905F400D804E3 /* Debug */ = {
			isa = XCBuildConfiguration;
			buildSettings = {
				ALWAYS_SEARCH_USER_PATHS = NO;
				CLANG_ANALYZER_NONNULL = YES;
				CLANG_CXX_LANGUAGE_STANDARD = "gnu++0x";
				CLANG_CXX_LIBRARY = "libc++";
				CLANG_ENABLE_MODULES = YES;
				CLANG_ENABLE_OBJC_ARC = YES;
				CLANG_WARN_BOOL_CONVERSION = YES;
				CLANG_WARN_CONSTANT_CONVERSION = YES;
				CLANG_WARN_DIRECT_OBJC_ISA_USAGE = YES_ERROR;
				CLANG_WARN_EMPTY_BODY = YES;
				CLANG_WARN_ENUM_CONVERSION = YES;
				CLANG_WARN_INT_CONVERSION = YES;
				CLANG_WARN_OBJC_ROOT_CLASS = YES_ERROR;
				CLANG_WARN_UNREACHABLE_CODE = YES;
				CLANG_WARN__DUPLICATE_METHOD_MATCH = YES;
				CODE_SIGN_IDENTITY = "-";
				COPY_PHASE_STRIP = NO;
				DEBUG_INFORMATION_FORMAT = dwarf;
				ENABLE_STRICT_OBJC_MSGSEND = YES;
				ENABLE_TESTABILITY = YES;
				GCC_C_LANGUAGE_STANDARD = gnu99;
				GCC_DYNAMIC_NO_PIC = NO;
				GCC_NO_COMMON_BLOCKS = YES;
				GCC_OPTIMIZATION_LEVEL = 0;
				GCC_PREPROCESSOR_DEFINITIONS = (
					"DEBUG=1",
					"$(inherited)",
				);
				GCC_WARN_64_TO_32_BIT_CONVERSION = YES;
				GCC_WARN_ABOUT_RETURN_TYPE = YES_ERROR;
				GCC_WARN_UNDECLARED_SELECTOR = YES;
				GCC_WARN_UNINITIALIZED_AUTOS = YES_AGGRESSIVE;
				GCC_WARN_UNUSED_FUNCTION = YES;
				GCC_WARN_UNUSED_VARIABLE = YES;
				MACOSX_DEPLOYMENT_TARGET = 10.11;
				MTL_ENABLE_DEBUG_INFO = YES;
				ONLY_ACTIVE_ARCH = YES;
				SDKROOT = macosx;
			};
			name = Debug;
		};
		DB1F73BF1D6905F400D804E3 /* Release */ = {
			isa = XCBuildConfiguration;
			buildSettings = {
				ALWAYS_SEARCH_USER_PATHS = NO;
				CLANG_ANALYZER_NONNULL = YES;
				CLANG_CXX_LANGUAGE_STANDARD = "gnu++0x";
				CLANG_CXX_LIBRARY = "libc++";
				CLANG_ENABLE_MODULES = YES;
				CLANG_ENABLE_OBJC_ARC = YES;
				CLANG_WARN_BOOL_CONVERSION = YES;
				CLANG_WARN_CONSTANT_CONVERSION = YES;
				CLANG_WARN_DIRECT_OBJC_ISA_USAGE = YES_ERROR;
				CLANG_WARN_EMPTY_BODY = YES;
				CLANG_WARN_ENUM_CONVERSION = YES;
				CLANG_WARN_INT_CONVERSION = YES;
				CLANG_WARN_OBJC_ROOT_CLASS = YES_ERROR;
				CLANG_WARN_UNREACHABLE_CODE = YES;
				CLANG_WARN__DUPLICATE_METHOD_MATCH = YES;
				CODE_SIGN_IDENTITY = "-";
				COPY_PHASE_STRIP = NO;
				DEBUG_INFORMATION_FORMAT = "dwarf-with-dsym";
				ENABLE_NS_ASSERTIONS = NO;
				ENABLE_STRICT_OBJC_MSGSEND = YES;
				GCC_C_LANGUAGE_STANDARD = gnu99;
				GCC_NO_COMMON_BLOCKS = YES;
				GCC_WARN_64_TO_32_BIT_CONVERSION = YES;
				GCC_WARN_ABOUT_RETURN_TYPE = YES_ERROR;
				GCC_WARN_UNDECLARED_SELECTOR = YES;
				GCC_WARN_UNINITIALIZED_AUTOS = YES_AGGRESSIVE;
				GCC_WARN_UNUSED_FUNCTION = YES;
				GCC_WARN_UNUSED_VARIABLE = YES;
				MACOSX_DEPLOYMENT_TARGET = 10.11;
				MTL_ENABLE_DEBUG_INFO = NO;
				SDKROOT = macosx;
			};
			name = Release;
		};
		DB1F73C11D6905F400D804E3 /* Debug */ = {
			isa = XCBuildConfiguration;
			buildSettings = {
				PRODUCT_NAME = "$(TARGET_NAME)";
			};
			name = Debug;
		};
		DB1F73C21D6905F400D804E3 /* Release */ = {
			isa = XCBuildConfiguration;
			buildSettings = {
				PRODUCT_NAME = "$(TARGET_NAME)";
			};
			name = Release;
		};
/* End XCBuildConfiguration section */

/* Begin XCConfigurationList section */
		DB1F73B41D6905F400D804E3 /* Build configuration list for PBXProject "lab12_HashTable" */ = {
			isa = XCConfigurationList;
			buildConfigurations = (
				DB1F73BE1D6905F400D804E3 /* Debug */,
				DB1F73BF1D6905F400D804E3 /* Release */,
			);
			defaultConfigurationIsVisible = 0;
			defaultConfigurationName = Release;
		};
		DB1F73C01D6905F400D804E3 /* Build configuration list for PBXNativeTarget "lab12_HashTable" */ = {
			isa = XCConfigurationList;
			buildConfigurations = (
				DB1F73C11D6905F400D804E3 /* Debug */,
				DB1F73C21D6905F400D804E3 /* Release */,
			);
			defaultConfigurationIsVisible = 0;
		};
/* End XCConfigurationList section */
	};
	rootObject = DB1F73B11D6905F400D804E3 /* Project object */;
}
