// !$*UTF8*$!
{
	archiveVersion = 1;
	classes = {
	};
	objectVersion = 46;
	objects = {

/* Begin PBXBuildFile section */
		DB45B53A1DB2EFE1008E94A1 /* main.c in Sources */ = {isa = PBXBuildFile; fileRef = DB45B5391DB2EFE1008E94A1 /* main.c */; };
/* End PBXBuildFile section */

/* Begin PBXCopyFilesBuildPhase section */
		DB45B5341DB2EFE0008E94A1 /* CopyFiles */ = {
			isa = PBXCopyFilesBuildPhase;
			buildActionMask = 2147483647;
			dstPath = /usr/share/man/man1/;
			dstSubfolderSpec = 0;
			files = (
			);
			runOnlyForDeploymentPostprocessing = 1;
		};
/* End PBXCopyFilesBuildPhase section */

/* Begin PBXFileReference section */
		DB45B5361DB2EFE1008E94A1 /* lab25_dynamic_programming */ = {isa = PBXFileReference; explicitFileType = "compiled.mach-o.executable"; includeInIndex = 0; path = lab25_dynamic_programming; sourceTree = BUILT_PRODUCTS_DIR; };
		DB45B5391DB2EFE1008E94A1 /* main.c */ = {isa = PBXFileReference; lastKnownFileType = sourcecode.c.c; path = main.c; sourceTree = "<group>"; };
/* End PBXFileReference section */

/* Begin PBXFrameworksBuildPhase section */
		DB45B5331DB2EFE0008E94A1 /* Frameworks */ = {
			isa = PBXFrameworksBuildPhase;
			buildActionMask = 2147483647;
			files = (
			);
			runOnlyForDeploymentPostprocessing = 0;
		};
/* End PBXFrameworksBuildPhase section */

/* Begin PBXGroup section */
		DB45B52D1DB2EFE0008E94A1 = {
			isa = PBXGroup;
			children = (
				DB45B5381DB2EFE1008E94A1 /* lab25_dynamic_programming */,
				DB45B5371DB2EFE1008E94A1 /* Products */,
			);
			sourceTree = "<group>";
		};
		DB45B5371DB2EFE1008E94A1 /* Products */ = {
			isa = PBXGroup;
			children = (
				DB45B5361DB2EFE1008E94A1 /* lab25_dynamic_programming */,
			);
			name = Products;
			sourceTree = "<group>";
		};
		DB45B5381DB2EFE1008E94A1 /* lab25_dynamic_programming */ = {
			isa = PBXGroup;
			children = (
				DB45B5391DB2EFE1008E94A1 /* main.c */,
			);
			path = lab25_dynamic_programming;
			sourceTree = "<group>";
		};
/* End PBXGroup section */

/* Begin PBXNativeTarget section */
		DB45B5351DB2EFE0008E94A1 /* lab25_dynamic_programming */ = {
			isa = PBXNativeTarget;
			buildConfigurationList = DB45B53D1DB2EFE1008E94A1 /* Build configuration list for PBXNativeTarget "lab25_dynamic_programming" */;
			buildPhases = (
				DB45B5321DB2EFE0008E94A1 /* Sources */,
				DB45B5331DB2EFE0008E94A1 /* Frameworks */,
				DB45B5341DB2EFE0008E94A1 /* CopyFiles */,
			);
			buildRules = (
			);
			dependencies = (
			);
			name = lab25_dynamic_programming;
			productName = lab25_dynamic_programming;
			productReference = DB45B5361DB2EFE1008E94A1 /* lab25_dynamic_programming */;
			productType = "com.apple.product-type.tool";
		};
/* End PBXNativeTarget section */

/* Begin PBXProject section */
		DB45B52E1DB2EFE0008E94A1 /* Project object */ = {
			isa = PBXProject;
			attributes = {
				LastUpgradeCheck = 0800;
				ORGANIZATIONNAME = Otago;
				TargetAttributes = {
					DB45B5351DB2EFE0008E94A1 = {
						CreatedOnToolsVersion = 8.0;
						ProvisioningStyle = Automatic;
					};
				};
			};
			buildConfigurationList = DB45B5311DB2EFE0008E94A1 /* Build configuration list for PBXProject "lab25_dynamic_programming" */;
			compatibilityVersion = "Xcode 3.2";
			developmentRegion = English;
			hasScannedForEncodings = 0;
			knownRegions = (
				en,
			);
			mainGroup = DB45B52D1DB2EFE0008E94A1;
			productRefGroup = DB45B5371DB2EFE1008E94A1 /* Products */;
			projectDirPath = "";
			projectRoot = "";
			targets = (
				DB45B5351DB2EFE0008E94A1 /* lab25_dynamic_programming */,
			);
		};
/* End PBXProject section */

/* Begin PBXSourcesBuildPhase section */
		DB45B5321DB2EFE0008E94A1 /* Sources */ = {
			isa = PBXSourcesBuildPhase;
			buildActionMask = 2147483647;
			files = (
				DB45B53A1DB2EFE1008E94A1 /* main.c in Sources */,
			);
			runOnlyForDeploymentPostprocessing = 0;
		};
/* End PBXSourcesBuildPhase section */

/* Begin XCBuildConfiguration section */
		DB45B53B1DB2EFE1008E94A1 /* Debug */ = {
			isa = XCBuildConfiguration;
			buildSettings = {
				ALWAYS_SEARCH_USER_PATHS = NO;
				CLANG_ANALYZER_NONNULL = YES;
				CLANG_CXX_LANGUAGE_STANDARD = "gnu++0x";
				CLANG_CXX_LIBRARY = "libc++";
				CLANG_ENABLE_MODULES = YES;
				CLANG_ENABLE_OBJC_ARC = YES;
				CLANG_WARN_BOOL_CONVERSION = YES;
				CLANG_WARN_CONSTANT_CONVERSION = YES;
				CLANG_WARN_DIRECT_OBJC_ISA_USAGE = YES_ERROR;
				CLANG_WARN_DOCUMENTATION_COMMENTS = YES;
				CLANG_WARN_EMPTY_BODY = YES;
				CLANG_WARN_ENUM_CONVERSION = YES;
				CLANG_WARN_INFINITE_RECURSION = YES;
				CLANG_WARN_INT_CONVERSION = YES;
				CLANG_WARN_OBJC_ROOT_CLASS = YES_ERROR;
				CLANG_WARN_SUSPICIOUS_MOVES = YES;
				CLANG_WARN_UNREACHABLE_CODE = YES;
				CLANG_WARN__DUPLICATE_METHOD_MATCH = YES;
				CODE_SIGN_IDENTITY = "-";
				COPY_PHASE_STRIP = NO;
				DEBUG_INFORMATION_FORMAT = dwarf;
				ENABLE_STRICT_OBJC_MSGSEND = YES;
				ENABLE_TESTABILITY = YES;
				GCC_C_LANGUAGE_STANDARD = gnu99;
				GCC_DYNAMIC_NO_PIC = NO;
				GCC_NO_COMMON_BLOCKS = YES;
				GCC_OPTIMIZATION_LEVEL = 0;
				GCC_PREPROCESSOR_DEFINITIONS = (
					"DEBUG=1",
					"$(inherited)",
				);
				GCC_WARN_64_TO_32_BIT_CONVERSION = YES;
				GCC_WARN_ABOUT_RETURN_TYPE = YES_ERROR;
				GCC_WARN_UNDECLARED_SELECTOR = YES;
				GCC_WARN_UNINITIALIZED_AUTOS = YES_AGGRESSIVE;
				GCC_WARN_UNUSED_FUNCTION = YES;
				GCC_WARN_UNUSED_VARIABLE = YES;
				MACOSX_DEPLOYMENT_TARGET = 10.12;
				MTL_ENABLE_DEBUG_INFO = YES;
				ONLY_ACTIVE_ARCH = YES;
				SDKROOT = macosx;
			};
			name = Debug;
		};
		DB45B53C1DB2EFE1008E94A1 /* Release */ = {
			isa = XCBuildConfiguration;
			buildSettings = {
				ALWAYS_SEARCH_USER_PATHS = NO;
				CLANG_ANALYZER_NONNULL = YES;
				CLANG_CXX_LANGUAGE_STANDARD = "gnu++0x";
				CLANG_CXX_LIBRARY = "libc++";
				CLANG_ENABLE_MODULES = YES;
				CLANG_ENABLE_OBJC_ARC = YES;
				CLANG_WARN_BOOL_CONVERSION = YES;
				CLANG_WARN_CONSTANT_CONVERSION = YES;
				CLANG_WARN_DIRECT_OBJC_ISA_USAGE = YES_ERROR;
				CLANG_WARN_DOCUMENTATION_COMMENTS = YES;
				CLANG_WARN_EMPTY_BODY = YES;
				CLANG_WARN_ENUM_CONVERSION = YES;
				CLANG_WARN_INFINITE_RECURSION = YES;
				CLANG_WARN_INT_CONVERSION = YES;
				CLANG_WARN_OBJC_ROOT_CLASS = YES_ERROR;
				CLANG_WARN_SUSPICIOUS_MOVES = YES;
				CLANG_WARN_UNREACHABLE_CODE = YES;
				CLANG_WARN__DUPLICATE_METHOD_MATCH = YES;
				CODE_SIGN_IDENTITY = "-";
				COPY_PHASE_STRIP = NO;
				DEBUG_INFORMATION_FORMAT = "dwarf-with-dsym";
				ENABLE_NS_ASSERTIONS = NO;
				ENABLE_STRICT_OBJC_MSGSEND = YES;
				GCC_C_LANGUAGE_STANDARD = gnu99;
				GCC_NO_COMMON_BLOCKS = YES;
				GCC_WARN_64_TO_32_BIT_CONVERSION = YES;
				GCC_WARN_ABOUT_RETURN_TYPE = YES_ERROR;
				GCC_WARN_UNDECLARED_SELECTOR = YES;
				GCC_WARN_UNINITIALIZED_AUTOS = YES_AGGRESSIVE;
				GCC_WARN_UNUSED_FUNCTION = YES;
				GCC_WARN_UNUSED_VARIABLE = YES;
				MACOSX_DEPLOYMENT_TARGET = 10.12;
				MTL_ENABLE_DEBUG_INFO = NO;
				SDKROOT = macosx;
			};
			name = Release;
		};
		DB45B53E1DB2EFE1008E94A1 /* Debug */ = {
			isa = XCBuildConfiguration;
			buildSettings = {
				PRODUCT_NAME = "$(TARGET_NAME)";
			};
			name = Debug;
		};
		DB45B53F1DB2EFE1008E94A1 /* Release */ = {
			isa = XCBuildConfiguration;
			buildSettings = {
				PRODUCT_NAME = "$(TARGET_NAME)";
			};
			name = Release;
		};
/* End XCBuildConfiguration section */

/* Begin XCConfigurationList section */
		DB45B5311DB2EFE0008E94A1 /* Build configuration list for PBXProject "lab25_dynamic_programming" */ = {
			isa = XCConfigurationList;
			buildConfigurations = (
				DB45B53B1DB2EFE1008E94A1 /* Debug */,
				DB45B53C1DB2EFE1008E94A1 /* Release */,
			);
			defaultConfigurationIsVisible = 0;
			defaultConfigurationName = Release;
		};
		DB45B53D1DB2EFE1008E94A1 /* Build configuration list for PBXNativeTarget "lab25_dynamic_programming" */ = {
			isa = XCConfigurationList;
			buildConfigurations = (
				DB45B53E1DB2EFE1008E94A1 /* Debug */,
				DB45B53F1DB2EFE1008E94A1 /* Release */,
			);
			defaultConfigurationIsVisible = 0;
		};
/* End XCConfigurationList section */
	};
	rootObject = DB45B52E1DB2EFE0008E94A1 /* Project object */;
}
